
Microsoft Visual Studio Solution File, Format Version 12.00
# Visual Studio Version 17
VisualStudioVersion = 17.14.36518.9 d17.14
MinimumVisualStudioVersion = 10.0.40219.1
Project("{FAE04EC0-301F-11D3-BF4B-00C04F79EFBC}") = "short_url_asm", "short_url_asm\short_url_asm.csproj", "{FEC184D4-A52B-4602-9F0B-526D856C8786}"
EndProject
Project("{FAE04EC0-301F-11D3-BF4B-00C04F79EFBC}") = "ApiGateway", "ApiGateway\ApiGateway.csproj", "{C54C13EE-D602-4245-84C7-92578A95E015}"
EndProject
Global
	GlobalSection(SolutionConfigurationPlatforms) = preSolution
		Debug|Any CPU = Debug|Any CPU
		Release|Any CPU = Release|Any CPU
	EndGlobalSection
	GlobalSection(ProjectConfigurationPlatforms) = postSolution
		{FEC184D4-A52B-4602-9F0B-526D856C8786}.Debug|Any CPU.ActiveCfg = Debug|Any CPU
		{FEC184D4-A52B-4602-9F0B-526D856C8786}.Debug|Any CPU.Build.0 = Debug|Any CPU
		{FEC184D4-A52B-4602-9F0B-526D856C8786}.Release|Any CPU.ActiveCfg = Release|Any CPU
		{FEC184D4-A52B-4602-9F0B-526D856C8786}.Release|Any CPU.Build.0 = Release|Any CPU
		{C54C13EE-D602-4245-84C7-92578A95E015}.Debug|Any CPU.ActiveCfg = Debug|Any CPU
		{C54C13EE-D602-4245-84C7-92578A95E015}.Debug|Any CPU.Build.0 = Debug|Any CPU
		{C54C13EE-D602-4245-84C7-92578A95E015}.Release|Any CPU.ActiveCfg = Release|Any CPU
		{C54C13EE-D602-4245-84C7-92578A95E015}.Release|Any CPU.Build.0 = Release|Any CPU
	EndGlobalSection
	GlobalSection(SolutionProperties) = preSolution
		HideSolutionNode = FALSE
	EndGlobalSection
	GlobalSection(ExtensibilityGlobals) = postSolution
		SolutionGuid = {5C104001-18AE-4647-A462-0DFF41A16A78}
	EndGlobalSection
EndGlobal
